{
	"name": "user-friendly-date-formatter",
	"version": "2.0.0",
	"lockfileVersion": 1,
	"requires": true,
	"dependencies": {
		"fast-deep-equal": {
			"version": "2.0.1",
			"resolved": "https://registry.npmjs.org/fast-deep-equal/-/fast-deep-equal-2.0.1.tgz",
			"integrity": "sha1-ewUhjd+WZ79/Nwv3/bLLFf3Qqkk=",
			"dev": true
		},
		"zora": {
			"version": "3.1.6",
			"resolved": "https://registry.npmjs.org/zora/-/zora-3.1.6.tgz",
			"integrity": "sha512-qagFIG2Yd/lNr/SXFwCrVefY4NyMCvqxId5O1VveMWWsrn6jl7PpgFZl2s4vHgga646zCmiiEnp/df+HHGByTw==",
			"dev": true,
			"requires": {
				"fast-deep-equal": "^2.0.1"
			}
		}
	}
}
