{
	"name": "user-friendly-date-fromatter",
	"version": "1.0.0",
	"lockfileVersion": 1,
	"requires": true,
	"dependencies": {
		"days": {
			"version": "1.1.1",
			"resolved": "https://registry.npmjs.org/days/-/days-1.1.1.tgz",
			"integrity": "sha512-vzeIwVsEIyA35GH4+mPd4hjVDNI87wYANyZFs0BHjBr5kIBH5zEl7LfD6Wr4SFZca4D3CU9IH1w4DuZLlXzKRw=="
		},
		"zora": {
			"version": "3.0.1",
			"resolved": "https://registry.npmjs.org/zora/-/zora-3.0.1.tgz",
			"integrity": "sha512-RAlYsN8t15LfeinhaXdUt3ytFqBpupm7/5vsB/IO+z/Y1drNoIW5wIokv92MN66/ne1jQY2lA0iEm6/gtREaBw==",
			"dev": true
		}
	}
}
