{
	"name": "user-friendly-date-formatter",
	"version": "2.0.0",
	"lockfileVersion": 1,
	"requires": true,
	"dependencies": {
		"fast-deep-equal": {
			"version": "2.0.1",
			"resolved": "https://registry.npmjs.org/fast-deep-equal/-/fast-deep-equal-2.0.1.tgz",
			"integrity": "sha1-ewUhjd+WZ79/Nwv3/bLLFf3Qqkk=",
			"dev": true
		},
		"zora": {
			"version": "3.1.5",
			"resolved": "https://registry.npmjs.org/zora/-/zora-3.1.5.tgz",
			"integrity": "sha512-cCq2pZX7Y4omnqy8IwVoUJGOQ7eN1CzOwVbJrvGGGmY2Bn3QjTQ5d7hkQ4o3/hQY5hnBUQ4uDVP0bppyFOU0HA==",
			"dev": true,
			"requires": {
				"fast-deep-equal": "^2.0.1"
			}
		}
	}
}
